// !$*UTF8*$!
{
	archiveVersion = 1;
	classes = {
	};
	objectVersion = 56;
	objects = {

/* Begin PBXBuildFile section */
		561EA2B72B65C0F000DF1B99 /* MuselyTests.swift in Sources */ = {isa = PBXBuildFile; fileRef = 561EA2B62B65C0F000DF1B99 /* MuselyTests.swift */; };
		561EA2BE2B65C6EF00DF1B99 /* QuoteViewModel.swift in Sources */ = {isa = PBXBuildFile; fileRef = 561EA2BD2B65C6EF00DF1B99 /* QuoteViewModel.swift */; };
		561EA2C12B65C73C00DF1B99 /* Quote.swift in Sources */ = {isa = PBXBuildFile; fileRef = 561EA2C02B65C73C00DF1B99 /* Quote.swift */; };
		561EA2C52B65C79F00DF1B99 /* QuoteService.swift in Sources */ = {isa = PBXBuildFile; fileRef = 561EA2C42B65C79F00DF1B99 /* QuoteService.swift */; };
		5688AC1D2B6591E6002D8532 /* AppDelegate.swift in Sources */ = {isa = PBXBuildFile; fileRef = 5688AC1C2B6591E6002D8532 /* AppDelegate.swift */; };
		5688AC1F2B6591E6002D8532 /* SceneDelegate.swift in Sources */ = {isa = PBXBuildFile; fileRef = 5688AC1E2B6591E6002D8532 /* SceneDelegate.swift */; };
		5688AC212B6591E6002D8532 /* QuoteViewController.swift in Sources */ = {isa = PBXBuildFile; fileRef = 5688AC202B6591E6002D8532 /* QuoteViewController.swift */; };
		5688AC242B6591E7002D8532 /* Main.storyboard in Resources */ = {isa = PBXBuildFile; fileRef = 5688AC222B6591E7002D8532 /* Main.storyboard */; };
		5688AC262B6591E8002D8532 /* Assets.xcassets in Resources */ = {isa = PBXBuildFile; fileRef = 5688AC252B6591E8002D8532 /* Assets.xcassets */; };
		5688AC292B6591E8002D8532 /* LaunchScreen.storyboard in Resources */ = {isa = PBXBuildFile; fileRef = 5688AC272B6591E8002D8532 /* LaunchScreen.storyboard */; };
/* End PBXBuildFile section */

/* Begin PBXContainerItemProxy section */
		561EA2B82B65C0F000DF1B99 /* PBXContainerItemProxy */ = {
			isa = PBXContainerItemProxy;
			containerPortal = 5688AC112B6591E6002D8532 /* Project object */;
			proxyType = 1;
			remoteGlobalIDString = 5688AC182B6591E6002D8532;
			remoteInfo = Musely;
		};
/* End PBXContainerItemProxy section */

/* Begin PBXFileReference section */
		561EA2B42B65C0F000DF1B99 /* MuselyTests.xctest */ = {isa = PBXFileReference; explicitFileType = wrapper.cfbundle; includeInIndex = 0; path = MuselyTests.xctest; sourceTree = BUILT_PRODUCTS_DIR; };
		561EA2B62B65C0F000DF1B99 /* MuselyTests.swift */ = {isa = PBXFileReference; lastKnownFileType = sourcecode.swift; path = MuselyTests.swift; sourceTree = "<group>"; };
		561EA2BD2B65C6EF00DF1B99 /* QuoteViewModel.swift */ = {isa = PBXFileReference; lastKnownFileType = sourcecode.swift; path = QuoteViewModel.swift; sourceTree = "<group>"; };
		561EA2C02B65C73C00DF1B99 /* Quote.swift */ = {isa = PBXFileReference; lastKnownFileType = sourcecode.swift; path = Quote.swift; sourceTree = "<group>"; };
		561EA2C42B65C79F00DF1B99 /* QuoteService.swift */ = {isa = PBXFileReference; lastKnownFileType = sourcecode.swift; path = QuoteService.swift; sourceTree = "<group>"; };
		5688AC192B6591E6002D8532 /* Musely.app */ = {isa = PBXFileReference; explicitFileType = wrapper.application; includeInIndex = 0; path = Musely.app; sourceTree = BUILT_PRODUCTS_DIR; };
		5688AC1C2B6591E6002D8532 /* AppDelegate.swift */ = {isa = PBXFileReference; lastKnownFileType = sourcecode.swift; path = AppDelegate.swift; sourceTree = "<group>"; };
		5688AC1E2B6591E6002D8532 /* SceneDelegate.swift */ = {isa = PBXFileReference; lastKnownFileType = sourcecode.swift; path = SceneDelegate.swift; sourceTree = "<group>"; };
		5688AC202B6591E6002D8532 /* QuoteViewController.swift */ = {isa = PBXFileReference; lastKnownFileType = sourcecode.swift; path = QuoteViewController.swift; sourceTree = "<group>"; };
		5688AC232B6591E7002D8532 /* Base */ = {isa = PBXFileReference; lastKnownFileType = file.storyboard; name = Base; path = Base.lproj/Main.storyboard; sourceTree = "<group>"; };
		5688AC252B6591E8002D8532 /* Assets.xcassets */ = {isa = PBXFileReference; lastKnownFileType = folder.assetcatalog; path = Assets.xcassets; sourceTree = "<group>"; };
		5688AC282B6591E8002D8532 /* Base */ = {isa = PBXFileReference; lastKnownFileType = file.storyboard; name = Base; path = Base.lproj/LaunchScreen.storyboard; sourceTree = "<group>"; };
		5688AC2A2B6591E8002D8532 /* Info.plist */ = {isa = PBXFileReference; lastKnownFileType = text.plist.xml; path = Info.plist; sourceTree = "<group>"; };
/* End PBXFileReference section */

/* Begin PBXFrameworksBuildPhase section */
		561EA2B12B65C0F000DF1B99 /* Frameworks */ = {
			isa = PBXFrameworksBuildPhase;
			buildActionMask = 2147483647;
			files = (
			);
			runOnlyForDeploymentPostprocessing = 0;
		};
		5688AC162B6591E6002D8532 /* Frameworks */ = {
			isa = PBXFrameworksBuildPhase;
			buildActionMask = 2147483647;
			files = (
			);
			runOnlyForDeploymentPostprocessing = 0;
		};
/* End PBXFrameworksBuildPhase section */

/* Begin PBXGroup section */
		561EA2B52B65C0F000DF1B99 /* MuselyTests */ = {
			isa = PBXGroup;
			children = (
				561EA2B62B65C0F000DF1B99 /* MuselyTests.swift */,
			);
			path = MuselyTests;
			sourceTree = "<group>";
		};
		561EA2BF2B65C72400DF1B99 /* Model */ = {
			isa = PBXGroup;
			children = (
				561EA2C02B65C73C00DF1B99 /* Quote.swift */,
			);
			path = Model;
			sourceTree = "<group>";
		};
		561EA2C22B65C74F00DF1B99 /* ViewModel */ = {
			isa = PBXGroup;
			children = (
				561EA2BD2B65C6EF00DF1B99 /* QuoteViewModel.swift */,
			);
			path = ViewModel;
			sourceTree = "<group>";
		};
		561EA2C32B65C75900DF1B99 /* ViewController */ = {
			isa = PBXGroup;
			children = (
				5688AC202B6591E6002D8532 /* QuoteViewController.swift */,
			);
			path = ViewController;
			sourceTree = "<group>";
		};
		561EA2C62B65C7C400DF1B99 /* Network */ = {
			isa = PBXGroup;
			children = (
				561EA2C42B65C79F00DF1B99 /* QuoteService.swift */,
			);
			path = Network;
			sourceTree = "<group>";
		};
		5688AC102B6591E6002D8532 = {
			isa = PBXGroup;
			children = (
				5688AC1B2B6591E6002D8532 /* Musely */,
				561EA2B52B65C0F000DF1B99 /* MuselyTests */,
				5688AC1A2B6591E6002D8532 /* Products */,
			);
			sourceTree = "<group>";
		};
		5688AC1A2B6591E6002D8532 /* Products */ = {
			isa = PBXGroup;
			children = (
				5688AC192B6591E6002D8532 /* Musely.app */,
				561EA2B42B65C0F000DF1B99 /* MuselyTests.xctest */,
			);
			name = Products;
			sourceTree = "<group>";
		};
		5688AC1B2B6591E6002D8532 /* Musely */ = {
			isa = PBXGroup;
			children = (
				561EA2C62B65C7C400DF1B99 /* Network */,
				561EA2C32B65C75900DF1B99 /* ViewController */,
				561EA2C22B65C74F00DF1B99 /* ViewModel */,
				561EA2BF2B65C72400DF1B99 /* Model */,
				5688AC1C2B6591E6002D8532 /* AppDelegate.swift */,
				5688AC1E2B6591E6002D8532 /* SceneDelegate.swift */,
				5688AC222B6591E7002D8532 /* Main.storyboard */,
				5688AC252B6591E8002D8532 /* Assets.xcassets */,
				5688AC272B6591E8002D8532 /* LaunchScreen.storyboard */,
				5688AC2A2B6591E8002D8532 /* Info.plist */,
			);
			path = Musely;
			sourceTree = "<group>";
		};
/* End PBXGroup section */

/* Begin PBXNativeTarget section */
		561EA2B32B65C0F000DF1B99 /* MuselyTests */ = {
			isa = PBXNativeTarget;
			buildConfigurationList = 561EA2BA2B65C0F000DF1B99 /* Build configuration list for PBXNativeTarget "MuselyTests" */;
			buildPhases = (
				561EA2B02B65C0F000DF1B99 /* Sources */,
				561EA2B12B65C0F000DF1B99 /* Frameworks */,
				561EA2B22B65C0F000DF1B99 /* Resources */,
			);
			buildRules = (
			);
			dependencies = (
				561EA2B92B65C0F000DF1B99 /* PBXTargetDependency */,
			);
			name = MuselyTests;
			productName = MuselyTests;
			productReference = 561EA2B42B65C0F000DF1B99 /* MuselyTests.xctest */;
			productType = "com.apple.product-type.bundle.unit-test";
		};
		5688AC182B6591E6002D8532 /* Musely */ = {
			isa = PBXNativeTarget;
			buildConfigurationList = 5688AC2D2B6591E8002D8532 /* Build configuration list for PBXNativeTarget "Musely" */;
			buildPhases = (
				5688AC152B6591E6002D8532 /* Sources */,
				5688AC162B6591E6002D8532 /* Frameworks */,
				5688AC172B6591E6002D8532 /* Resources */,
			);
			buildRules = (
			);
			dependencies = (
			);
			name = Musely;
			productName = Musely;
			productReference = 5688AC192B6591E6002D8532 /* Musely.app */;
			productType = "com.apple.product-type.application";
		};
/* End PBXNativeTarget section */

/* Begin PBXProject section */
		5688AC112B6591E6002D8532 /* Project object */ = {
			isa = PBXProject;
			attributes = {
				BuildIndependentTargetsInParallel = 1;
				LastSwiftUpdateCheck = 1500;
				LastUpgradeCheck = 1500;
				TargetAttributes = {
					561EA2B32B65C0F000DF1B99 = {
						CreatedOnToolsVersion = 15.0.1;
						TestTargetID = 5688AC182B6591E6002D8532;
					};
					5688AC182B6591E6002D8532 = {
						CreatedOnToolsVersion = 15.0.1;
					};
				};
			};
			buildConfigurationList = 5688AC142B6591E6002D8532 /* Build configuration list for PBXProject "Musely" */;
			compatibilityVersion = "Xcode 14.0";
			developmentRegion = en;
			hasScannedForEncodings = 0;
			knownRegions = (
				en,
				Base,
			);
			mainGroup = 5688AC102B6591E6002D8532;
			productRefGroup = 5688AC1A2B6591E6002D8532 /* Products */;
			projectDirPath = "";
			projectRoot = "";
			targets = (
				5688AC182B6591E6002D8532 /* Musely */,
				561EA2B32B65C0F000DF1B99 /* MuselyTests */,
			);
		};
/* End PBXProject section */

/* Begin PBXResourcesBuildPhase section */
		561EA2B22B65C0F000DF1B99 /* Resources */ = {
			isa = PBXResourcesBuildPhase;
			buildActionMask = 2147483647;
			files = (
			);
			runOnlyForDeploymentPostprocessing = 0;
		};
		5688AC172B6591E6002D8532 /* Resources */ = {
			isa = PBXResourcesBuildPhase;
			buildActionMask = 2147483647;
			files = (
				5688AC292B6591E8002D8532 /* LaunchScreen.storyboard in Resources */,
				5688AC262B6591E8002D8532 /* Assets.xcassets in Resources */,
				5688AC242B6591E7002D8532 /* Main.storyboard in Resources */,
			);
			runOnlyForDeploymentPostprocessing = 0;
		};
/* End PBXResourcesBuildPhase section */

/* Begin PBXSourcesBuildPhase section */
		561EA2B02B65C0F000DF1B99 /* Sources */ = {
			isa = PBXSourcesBuildPhase;
			buildActionMask = 2147483647;
			files = (
				561EA2B72B65C0F000DF1B99 /* MuselyTests.swift in Sources */,
			);
			runOnlyForDeploymentPostprocessing = 0;
		};
		5688AC152B6591E6002D8532 /* Sources */ = {
			isa = PBXSourcesBuildPhase;
			buildActionMask = 2147483647;
			files = (
				5688AC212B6591E6002D8532 /* QuoteViewController.swift in Sources */,
				561EA2BE2B65C6EF00DF1B99 /* QuoteViewModel.swift in Sources */,
				5688AC1D2B6591E6002D8532 /* AppDelegate.swift in Sources */,
				561EA2C12B65C73C00DF1B99 /* Quote.swift in Sources */,
				561EA2C52B65C79F00DF1B99 /* QuoteService.swift in Sources */,
				5688AC1F2B6591E6002D8532 /* SceneDelegate.swift in Sources */,
			);
			runOnlyForDeploymentPostprocessing = 0;
		};
/* End PBXSourcesBuildPhase section */

/* Begin PBXTargetDependency section */
		561EA2B92B65C0F000DF1B99 /* PBXTargetDependency */ = {
			isa = PBXTargetDependency;
			target = 5688AC182B6591E6002D8532 /* Musely */;
			targetProxy = 561EA2B82B65C0F000DF1B99 /* PBXContainerItemProxy */;
		};
/* End PBXTargetDependency section */

/* Begin PBXVariantGroup section */
		5688AC222B6591E7002D8532 /* Main.storyboard */ = {
			isa = PBXVariantGroup;
			children = (
				5688AC232B6591E7002D8532 /* Base */,
			);
			name = Main.storyboard;
			sourceTree = "<group>";
		};
		5688AC272B6591E8002D8532 /* LaunchScreen.storyboard */ = {
			isa = PBXVariantGroup;
			children = (
				5688AC282B6591E8002D8532 /* Base */,
			);
			name = LaunchScreen.storyboard;
			sourceTree = "<group>";
		};
/* End PBXVariantGroup section */

/* Begin XCBuildConfiguration section */
		561EA2BB2B65C0F000DF1B99 /* Debug */ = {
			isa = XCBuildConfiguration;
			buildSettings = {
				BUNDLE_LOADER = "$(TEST_HOST)";
				CODE_SIGN_STYLE = Automatic;
				CURRENT_PROJECT_VERSION = 1;
				DEVELOPMENT_TEAM = YNS6YXH239;
				GENERATE_INFOPLIST_FILE = YES;
				MARKETING_VERSION = 1.0;
				PRODUCT_BUNDLE_IDENTIFIER = com.hshardik.MuselyTests;
				PRODUCT_NAME = "$(TARGET_NAME)";
				SWIFT_EMIT_LOC_STRINGS = NO;
				SWIFT_VERSION = 5.0;
				TARGETED_DEVICE_FAMILY = "1,2";
				TEST_HOST = "$(BUILT_PRODUCTS_DIR)/Musely.app/$(BUNDLE_EXECUTABLE_FOLDER_PATH)/Musely";
			};
			name = Debug;
		};
		561EA2BC2B65C0F000DF1B99 /* Release */ = {
			isa = XCBuildConfiguration;
			buildSettings = {
				BUNDLE_LOADER = "$(TEST_HOST)";
				CODE_SIGN_STYLE = Automatic;
				CURRENT_PROJECT_VERSION = 1;
				DEVELOPMENT_TEAM = YNS6YXH239;
				GENERATE_INFOPLIST_FILE = YES;
				MARKETING_VERSION = 1.0;
				PRODUCT_BUNDLE_IDENTIFIER = com.hshardik.MuselyTests;
				PRODUCT_NAME = "$(TARGET_NAME)";
				SWIFT_EMIT_LOC_STRINGS = NO;
				SWIFT_VERSION = 5.0;
				TARGETED_DEVICE_FAMILY = "1,2";
				TEST_HOST = "$(BUILT_PRODUCTS_DIR)/Musely.app/$(BUNDLE_EXECUTABLE_FOLDER_PATH)/Musely";
			};
			name = Release;
		};
		5688AC2B2B6591E8002D8532 /* Debug */ = {
			isa = XCBuildConfiguration;
			buildSettings = {
				ALWAYS_SEARCH_USER_PATHS = NO;
				ASSETCATALOG_COMPILER_GENERATE_SWIFT_ASSET_SYMBOL_EXTENSIONS = YES;
				CLANG_ANALYZER_NONNULL = YES;
				CLANG_ANALYZER_NUMBER_OBJECT_CONVERSION = YES_AGGRESSIVE;
				CLANG_CXX_LANGUAGE_STANDARD = "gnu++20";
				CLANG_ENABLE_MODULES = YES;
				CLANG_ENABLE_OBJC_ARC = YES;
				CLANG_ENABLE_OBJC_WEAK = YES;
				CLANG_WARN_BLOCK_CAPTURE_AUTORELEASING = YES;
				CLANG_WARN_BOOL_CONVERSION = YES;
				CLANG_WARN_COMMA = YES;
				CLANG_WARN_CONSTANT_CONVERSION = YES;
				CLANG_WARN_DEPRECATED_OBJC_IMPLEMENTATIONS = YES;
				CLANG_WARN_DIRECT_OBJC_ISA_USAGE = YES_ERROR;
				CLANG_WARN_DOCUMENTATION_COMMENTS = YES;
				CLANG_WARN_EMPTY_BODY = YES;
				CLANG_WARN_ENUM_CONVERSION = YES;
				CLANG_WARN_INFINITE_RECURSION = YES;
				CLANG_WARN_INT_CONVERSION = YES;
				CLANG_WARN_NON_LITERAL_NULL_CONVERSION = YES;
				CLANG_WARN_OBJC_IMPLICIT_RETAIN_SELF = YES;
				CLANG_WARN_OBJC_LITERAL_CONVERSION = YES;
				CLANG_WARN_OBJC_ROOT_CLASS = YES_ERROR;
				CLANG_WARN_QUOTED_INCLUDE_IN_FRAMEWORK_HEADER = YES;
				CLANG_WARN_RANGE_LOOP_ANALYSIS = YES;
				CLANG_WARN_STRICT_PROTOTYPES = YES;
				CLANG_WARN_SUSPICIOUS_MOVE = YES;
				CLANG_WARN_UNGUARDED_AVAILABILITY = YES_AGGRESSIVE;
				CLANG_WARN_UNREACHABLE_CODE = YES;
				CLANG_WARN__DUPLICATE_METHOD_MATCH = YES;
				COPY_PHASE_STRIP = NO;
				DEBUG_INFORMATION_FORMAT = dwarf;
				ENABLE_STRICT_OBJC_MSGSEND = YES;
				ENABLE_TESTABILITY = YES;
				ENABLE_USER_SCRIPT_SANDBOXING = YES;
				GCC_C_LANGUAGE_STANDARD = gnu17;
				GCC_DYNAMIC_NO_PIC = NO;
				GCC_NO_COMMON_BLOCKS = YES;
				GCC_OPTIMIZATION_LEVEL = 0;
				GCC_PREPROCESSOR_DEFINITIONS = (
					"DEBUG=1",
					"$(inherited)",
				);
				GCC_WARN_64_TO_32_BIT_CONVERSION = YES;
				GCC_WARN_ABOUT_RETURN_TYPE = YES_ERROR;
				GCC_WARN_UNDECLARED_SELECTOR = YES;
				GCC_WARN_UNINITIALIZED_AUTOS = YES_AGGRESSIVE;
				GCC_WARN_UNUSED_FUNCTION = YES;
				GCC_WARN_UNUSED_VARIABLE = YES;
				IPHONEOS_DEPLOYMENT_TARGET = 17.0;
				LOCALIZATION_PREFERS_STRING_CATALOGS = YES;
				MTL_ENABLE_DEBUG_INFO = INCLUDE_SOURCE;
				MTL_FAST_MATH = YES;
				ONLY_ACTIVE_ARCH = YES;
				SDKROOT = iphoneos;
				SWIFT_ACTIVE_COMPILATION_CONDITIONS = "DEBUG $(inherited)";
				SWIFT_OPTIMIZATION_LEVEL = "-Onone";
			};
			name = Debug;
		};
		5688AC2C2B6591E8002D8532 /* Release */ = {
			isa = XCBuildConfiguration;
			buildSettings = {
				ALWAYS_SEARCH_USER_PATHS = NO;
				ASSETCATALOG_COMPILER_GENERATE_SWIFT_ASSET_SYMBOL_EXTENSIONS = YES;
				CLANG_ANALYZER_NONNULL = YES;
				CLANG_ANALYZER_NUMBER_OBJECT_CONVERSION = YES_AGGRESSIVE;
				CLANG_CXX_LANGUAGE_STANDARD = "gnu++20";
				CLANG_ENABLE_MODULES = YES;
				CLANG_ENABLE_OBJC_ARC = YES;
				CLANG_ENABLE_OBJC_WEAK = YES;
				CLANG_WARN_BLOCK_CAPTURE_AUTORELEASING = YES;
				CLANG_WARN_BOOL_CONVERSION = YES;
				CLANG_WARN_COMMA = YES;
				CLANG_WARN_CONSTANT_CONVERSION = YES;
				CLANG_WARN_DEPRECATED_OBJC_IMPLEMENTATIONS = YES;
				CLANG_WARN_DIRECT_OBJC_ISA_USAGE = YES_ERROR;
				CLANG_WARN_DOCUMENTATION_COMMENTS = YES;
				CLANG_WARN_EMPTY_BODY = YES;
				CLANG_WARN_ENUM_CONVERSION = YES;
				CLANG_WARN_INFINITE_RECURSION = YES;
				CLANG_WARN_INT_CONVERSION = YES;
				CLANG_WARN_NON_LITERAL_NULL_CONVERSION = YES;
				CLANG_WARN_OBJC_IMPLICIT_RETAIN_SELF = YES;
				CLANG_WARN_OBJC_LITERAL_CONVERSION = YES;
				CLANG_WARN_OBJC_ROOT_CLASS = YES_ERROR;
				CLANG_WARN_QUOTED_INCLUDE_IN_FRAMEWORK_HEADER = YES;
				CLANG_WARN_RANGE_LOOP_ANALYSIS = YES;
				CLANG_WARN_STRICT_PROTOTYPES = YES;
				CLANG_WARN_SUSPICIOUS_MOVE = YES;
				CLANG_WARN_UNGUARDED_AVAILABILITY = YES_AGGRESSIVE;
				CLANG_WARN_UNREACHABLE_CODE = YES;
				CLANG_WARN__DUPLICATE_METHOD_MATCH = YES;
				COPY_PHASE_STRIP = NO;
				DEBUG_INFORMATION_FORMAT = "dwarf-with-dsym";
				ENABLE_NS_ASSERTIONS = NO;
				ENABLE_STRICT_OBJC_MSGSEND = YES;
				ENABLE_USER_SCRIPT_SANDBOXING = YES;
				GCC_C_LANGUAGE_STANDARD = gnu17;
				GCC_NO_COMMON_BLOCKS = YES;
				GCC_WARN_64_TO_32_BIT_CONVERSION = YES;
				GCC_WARN_ABOUT_RETURN_TYPE = YES_ERROR;
				GCC_WARN_UNDECLARED_SELECTOR = YES;
				GCC_WARN_UNINITIALIZED_AUTOS = YES_AGGRESSIVE;
				GCC_WARN_UNUSED_FUNCTION = YES;
				GCC_WARN_UNUSED_VARIABLE = YES;
				IPHONEOS_DEPLOYMENT_TARGET = 17.0;
				LOCALIZATION_PREFERS_STRING_CATALOGS = YES;
				MTL_ENABLE_DEBUG_INFO = NO;
				MTL_FAST_MATH = YES;
				SDKROOT = iphoneos;
				SWIFT_COMPILATION_MODE = wholemodule;
				VALIDATE_PRODUCT = YES;
			};
			name = Release;
		};
		5688AC2E2B6591E8002D8532 /* Debug */ = {
			isa = XCBuildConfiguration;
			buildSettings = {
				ASSETCATALOG_COMPILER_APPICON_NAME = AppIcon;
				ASSETCATALOG_COMPILER_GLOBAL_ACCENT_COLOR_NAME = AccentColor;
				CODE_SIGN_STYLE = Automatic;
				CURRENT_PROJECT_VERSION = 1;
				DEVELOPMENT_TEAM = YNS6YXH239;
				GENERATE_INFOPLIST_FILE = YES;
				INFOPLIST_FILE = Musely/Info.plist;
				INFOPLIST_KEY_LSApplicationCategoryType = "public.app-category.education";
				INFOPLIST_KEY_UIApplicationSupportsIndirectInputEvents = YES;
				INFOPLIST_KEY_UILaunchStoryboardName = LaunchScreen;
				INFOPLIST_KEY_UIMainStoryboardFile = Main;
				INFOPLIST_KEY_UISupportedInterfaceOrientations_iPad = "UIInterfaceOrientationPortrait UIInterfaceOrientationPortraitUpsideDown UIInterfaceOrientationLandscapeLeft UIInterfaceOrientationLandscapeRight";
				INFOPLIST_KEY_UISupportedInterfaceOrientations_iPhone = "UIInterfaceOrientationPortrait UIInterfaceOrientationLandscapeLeft UIInterfaceOrientationLandscapeRight";
				LD_RUNPATH_SEARCH_PATHS = (
					"$(inherited)",
					"@executable_path/Frameworks",
				);
				MARKETING_VERSION = 1.0;
				PRODUCT_BUNDLE_IDENTIFIER = com.hshardik.Musely;
				PRODUCT_NAME = "$(TARGET_NAME)";
				SWIFT_EMIT_LOC_STRINGS = YES;
				SWIFT_VERSION = 5.0;
				TARGETED_DEVICE_FAMILY = "1,2";
				VALIDATE_PRODUCT = NO;
			};
			name = Debug;
		};
		5688AC2F2B6591E8002D8532 /* Release */ = {
			isa = XCBuildConfiguration;
			buildSettings = {
				ASSETCATALOG_COMPILER_APPICON_NAME = AppIcon;
				ASSETCATALOG_COMPILER_GLOBAL_ACCENT_COLOR_NAME = AccentColor;
				CODE_SIGN_STYLE = Automatic;
				CURRENT_PROJECT_VERSION = 1;
				DEVELOPMENT_TEAM = YNS6YXH239;
				GENERATE_INFOPLIST_FILE = YES;
				INFOPLIST_FILE = Musely/Info.plist;
				INFOPLIST_KEY_LSApplicationCategoryType = "public.app-category.education";
				INFOPLIST_KEY_UIApplicationSupportsIndirectInputEvents = YES;
				INFOPLIST_KEY_UILaunchStoryboardName = LaunchScreen;
				INFOPLIST_KEY_UIMainStoryboardFile = Main;
				INFOPLIST_KEY_UISupportedInterfaceOrientations_iPad = "UIInterfaceOrientationPortrait UIInterfaceOrientationPortraitUpsideDown UIInterfaceOrientationLandscapeLeft UIInterfaceOrientationLandscapeRight";
				INFOPLIST_KEY_UISupportedInterfaceOrientations_iPhone = "UIInterfaceOrientationPortrait UIInterfaceOrientationLandscapeLeft UIInterfaceOrientationLandscapeRight";
				LD_RUNPATH_SEARCH_PATHS = (
					"$(inherited)",
					"@executable_path/Frameworks",
				);
				MARKETING_VERSION = 1.0;
				PRODUCT_BUNDLE_IDENTIFIER = com.hshardik.Musely;
				PRODUCT_NAME = "$(TARGET_NAME)";
				SWIFT_EMIT_LOC_STRINGS = YES;
				SWIFT_VERSION = 5.0;
				TARGETED_DEVICE_FAMILY = "1,2";
				VALIDATE_PRODUCT = YES;
			};
			name = Release;
		};
/* End XCBuildConfiguration section */

/* Begin XCConfigurationList section */
		561EA2BA2B65C0F000DF1B99 /* Build configuration list for PBXNativeTarget "MuselyTests" */ = {
			isa = XCConfigurationList;
			buildConfigurations = (
				561EA2BB2B65C0F000DF1B99 /* Debug */,
				561EA2BC2B65C0F000DF1B99 /* Release */,
			);
			defaultConfigurationIsVisible = 0;
			defaultConfigurationName = Release;
		};
		5688AC142B6591E6002D8532 /* Build configuration list for PBXProject "Musely" */ = {
			isa = XCConfigurationList;
			buildConfigurations = (
				5688AC2B2B6591E8002D8532 /* Debug */,
				5688AC2C2B6591E8002D8532 /* Release */,
			);
			defaultConfigurationIsVisible = 0;
			defaultConfigurationName = Release;
		};
		5688AC2D2B6591E8002D8532 /* Build configuration list for PBXNativeTarget "Musely" */ = {
			isa = XCConfigurationList;
			buildConfigurations = (
				5688AC2E2B6591E8002D8532 /* Debug */,
				5688AC2F2B6591E8002D8532 /* Release */,
			);
			defaultConfigurationIsVisible = 0;
			defaultConfigurationName = Release;
		};
/* End XCConfigurationList section */
	};
	rootObject = 5688AC112B6591E6002D8532 /* Project object */;
}
